
Microsoft Visual Studio Solution File, Format Version 12.00
# Visual Studio Version 17
VisualStudioVersion = 17.1.32228.430
MinimumVisualStudioVersion = 10.0.40219.1
Project("{FAE04EC0-301F-11D3-BF4B-00C04F79EFBC}") = "Advent_of_Code_2021_15", "Advent_of_Code_2021_15\Advent_of_Code_2021_15.csproj", "{1342656C-F9BA-4878-92E6-2CBCDFE985F3}"
EndProject
Global
	GlobalSection(SolutionConfigurationPlatforms) = preSolution
		Debug|Any CPU = Debug|Any CPU
		Release|Any CPU = Release|Any CPU
	EndGlobalSection
	GlobalSection(ProjectConfigurationPlatforms) = postSolution
		{1342656C-F9BA-4878-92E6-2CBCDFE985F3}.Debug|Any CPU.ActiveCfg = Debug|Any CPU
		{1342656C-F9BA-4878-92E6-2CBCDFE985F3}.Debug|Any CPU.Build.0 = Debug|Any CPU
		{1342656C-F9BA-4878-92E6-2CBCDFE985F3}.Release|Any CPU.ActiveCfg = Release|Any CPU
		{1342656C-F9BA-4878-92E6-2CBCDFE985F3}.Release|Any CPU.Build.0 = Release|Any CPU
	EndGlobalSection
	GlobalSection(SolutionProperties) = preSolution
		HideSolutionNode = FALSE
	EndGlobalSection
	GlobalSection(ExtensibilityGlobals) = postSolution
		SolutionGuid = {B1BF4CA6-B43D-4E30-B7F5-46CAEDAD4F42}
	EndGlobalSection
EndGlobal
